
Microsoft Visual Studio Solution File, Format Version 12.00
# Visual Studio 15
VisualStudioVersion = 15.0.28307.168
MinimumVisualStudioVersion = 10.0.40219.1
Project("{FAE04EC0-301F-11D3-BF4B-00C04F79EFBC}") = "ProjectFileParser", "src\main\dotnet\ProjectFileParser\ProjectFileParser.csproj", "{BB8169E4-9D52-49A1-A097-C300B9446483}"
EndProject
Project("{FAE04EC0-301F-11D3-BF4B-00C04F79EFBC}") = "ProjectFileParser_Tests", "src\main\dotnet\ProjectFileParser_Tests\ProjectFileParser_Tests.csproj", "{067456C0-086C-46A8-B37F-1405717B7BFC}"
EndProject
Project("{2150E333-8FDC-42A3-9474-1A3956D46DE8}") = "Solution Items", "Solution Items", "{5246248C-62BF-40AA-A8CB-21FB31BE78B4}"
	ProjectSection(SolutionItems) = preProject
		CHANGELOG.md = CHANGELOG.md
		README.md = README.md
	EndProjectSection
EndProject
Global
	GlobalSection(SolutionConfigurationPlatforms) = preSolution
		Debug|Any CPU = Debug|Any CPU
		Release|Any CPU = Release|Any CPU
	EndGlobalSection
	GlobalSection(ProjectConfigurationPlatforms) = postSolution
		{BB8169E4-9D52-49A1-A097-C300B9446483}.Debug|Any CPU.ActiveCfg = Debug|Any CPU
		{BB8169E4-9D52-49A1-A097-C300B9446483}.Debug|Any CPU.Build.0 = Debug|Any CPU
		{BB8169E4-9D52-49A1-A097-C300B9446483}.Release|Any CPU.ActiveCfg = Release|Any CPU
		{BB8169E4-9D52-49A1-A097-C300B9446483}.Release|Any CPU.Build.0 = Release|Any CPU
		{067456C0-086C-46A8-B37F-1405717B7BFC}.Debug|Any CPU.ActiveCfg = Debug|Any CPU
		{067456C0-086C-46A8-B37F-1405717B7BFC}.Debug|Any CPU.Build.0 = Debug|Any CPU
		{067456C0-086C-46A8-B37F-1405717B7BFC}.Release|Any CPU.ActiveCfg = Release|Any CPU
		{067456C0-086C-46A8-B37F-1405717B7BFC}.Release|Any CPU.Build.0 = Release|Any CPU
	EndGlobalSection
	GlobalSection(SolutionProperties) = preSolution
		HideSolutionNode = FALSE
	EndGlobalSection
	GlobalSection(ExtensibilityGlobals) = postSolution
		SolutionGuid = {F4EDF9BE-2BF8-4EE1-8E26-6746CD5CB0FA}
	EndGlobalSection
EndGlobal
