
Microsoft Visual Studio Solution File, Format Version 9.00
# Visual C# Express 2005
Project("{FAE04EC0-301F-11D3-BF4B-00C04F79EFBC}") = "POffice", "POffice.csproj", "{05305EC4-CAAE-403E-A6C2-8052EFB474B7}"
EndProject
Project("{FAE04EC0-301F-11D3-BF4B-00C04F79EFBC}") = "POfficeExe", "POfficeExe.csproj", "{FF8232E5-5A2A-4F93-BC7D-DEF2E9744E0A}"
EndProject
Global
	GlobalSection(SolutionConfigurationPlatforms) = preSolution
		Debug|Any CPU = Debug|Any CPU
		Release|Any CPU = Release|Any CPU
	EndGlobalSection
	GlobalSection(ProjectConfigurationPlatforms) = postSolution
		{05305EC4-CAAE-403E-A6C2-8052EFB474B7}.Debug|Any CPU.ActiveCfg = Debug|Any CPU
		{05305EC4-CAAE-403E-A6C2-8052EFB474B7}.Debug|Any CPU.Build.0 = Debug|Any CPU
		{05305EC4-CAAE-403E-A6C2-8052EFB474B7}.Release|Any CPU.ActiveCfg = Release|Any CPU
		{05305EC4-CAAE-403E-A6C2-8052EFB474B7}.Release|Any CPU.Build.0 = Release|Any CPU
		{FF8232E5-5A2A-4F93-BC7D-DEF2E9744E0A}.Debug|Any CPU.ActiveCfg = Debug|Any CPU
		{FF8232E5-5A2A-4F93-BC7D-DEF2E9744E0A}.Debug|Any CPU.Build.0 = Debug|Any CPU
		{FF8232E5-5A2A-4F93-BC7D-DEF2E9744E0A}.Release|Any CPU.ActiveCfg = Release|Any CPU
		{FF8232E5-5A2A-4F93-BC7D-DEF2E9744E0A}.Release|Any CPU.Build.0 = Release|Any CPU
	EndGlobalSection
	GlobalSection(SolutionProperties) = preSolution
		HideSolutionNode = FALSE
	EndGlobalSection
EndGlobal
